<?xml version="1.0" encoding="utf-8"?>
<Project ToolsVersion="4.0" xmlns="http://schemas.microsoft.com/developer/msbuild/2003">
  <ItemGroup>
    <Filter Include="Source Files">
      <UniqueIdentifier>{4FC737F1-C7A5-4376-A066-2A32D752A2FF}</UniqueIdentifier>
      <Extensions>cpp;c;cc;cxx;def;odl;idl;hpj;bat;asm;asmx</Extensions>
    </Filter>
    <Filter Include="Header Files">
      <UniqueIdentifier>{93995380-89BD-4b04-88EB-625FBE52EBFB}</UniqueIdentifier>
      <Extensions>h;hh;hpp;hxx;hm;inl;inc;xsd</Extensions>
    </Filter>
    <Filter Include="Resource Files">
      <UniqueIdentifier>{67DA6AB6-F800-4c08-8B7A-83BB121AAD01}</UniqueIdentifier>
      <Extensions>rc;ico;cur;bmp;dlg;rc2;rct;bin;rgs;gif;jpg;jpeg;jpe;resx;tiff;tif;png;wav;mfcribbon-ms</Extensions>
    </Filter>
    <Filter Include="Header Files\Data">
      <UniqueIdentifier>{3516e10a-365f-4af7-bbbf-65d3b7d36f86}</UniqueIdentifier>
    </Filter>
    <Filter Include="Source Files\Data">
      <UniqueIdentifier>{831192b4-252f-411e-a9f6-28bfac92e045}</UniqueIdentifier>
    </Filter>
    <Filter Include="Header Files\Data\Node">
      <UniqueIdentifier>{63d670d0-74e0-41c9-b14d-059d3ffc482d}</UniqueIdentifier>
    </Filter>
    <Filter Include="Source Files\Data\Node">
      <UniqueIdentifier>{4e6bdfc0-4267-4d89-96ee-0429d3634541}</UniqueIdentifier>
    </Filter>
    <Filter Include="Header Files\Data\Edge">
      <UniqueIdentifier>{00bb849a-ba83-49c3-80d8-986d2ed4e9ed}</UniqueIdentifier>
    </Filter>
    <Filter Include="Header Files\Data\Convert">
      <UniqueIdentifier>{f4b8ef8e-3f3a-4402-abfa-a6fe79c9a5bc}</UniqueIdentifier>
    </Filter>
    <Filter Include="Source Files\Data\Edge">
      <UniqueIdentifier>{5c8f07da-18a7-4d50-9aa4-9f6ce151f814}</UniqueIdentifier>
    </Filter>
    <Filter Include="Source Files\Data\Convert">
      <UniqueIdentifier>{6cf7ab51-0d21-4fdd-8802-8f1dfd75aea7}</UniqueIdentifier>
    </Filter>
    <Filter Include="Source Files\Data\Interface enum">
      <UniqueIdentifier>{a1c7446e-24af-43b6-ac20-0a47c1e1e824}</UniqueIdentifier>
    </Filter>
    <Filter Include="Header Files\Data\Interface enum">
      <UniqueIdentifier>{28abf207-ad2b-4714-908f-3343a55d3bb1}</UniqueIdentifier>
    </Filter>
  </ItemGroup>
  <ItemGroup>
    <ClCompile Include="mai.cpp">
      <Filter>Source Files</Filter>
    </ClCompile>
    <ClCompile Include="Data\Node\Node_coord_factory.cpp">
      <Filter>Source Files\Data\Node</Filter>
    </ClCompile>
    <ClCompile Include="Data\Node\Node_coord_two_coords.cpp">
      <Filter>Source Files\Data\Node</Filter>
    </ClCompile>
    <ClCompile Include="Data\Edge\Matrix.cpp">
      <Filter>Source Files\Data\Edge</Filter>
    </ClCompile>
    <ClCompile Include="Data\File_tsp.cpp">
      <Filter>Source Files</Filter>
    </ClCompile>
    <ClCompile Include="Data\Interface enum\Display_data_type.cpp">
      <Filter>Source Files\Data\Interface enum</Filter>
    </ClCompile>
    <ClCompile Include="Data\Interface enum\Edge_data_format.cpp">
      <Filter>Source Files\Data\Interface enum</Filter>
    </ClCompile>
    <ClCompile Include="Data\Interface enum\Edge_weight_format.cpp">
      <Filter>Source Files\Data\Interface enum</Filter>
    </ClCompile>
    <ClCompile Include="Data\Interface enum\Edge_weight_type.cpp">
      <Filter>Source Files\Data\Interface enum</Filter>
    </ClCompile>
    <ClCompile Include="Data\Interface enum\Node_coord_type.cpp">
      <Filter>Source Files\Data\Interface enum</Filter>
    </ClCompile>
    <ClCompile Include="Data\Interface enum\Type.cpp">
      <Filter>Source Files\Data\Interface enum</Filter>
    </ClCompile>
    <ClCompile Include="Data\Vrp_Paths.cpp">
      <Filter>Source Files\Data</Filter>
    </ClCompile>
  </ItemGroup>
  <ItemGroup>
    <ClInclude Include="Data\File_tsp.h">
      <Filter>Header Files\Data</Filter>
    </ClInclude>
    <ClInclude Include="Data\Adapter.h">
      <Filter>Header Files\Data</Filter>
    </ClInclude>
    <ClInclude Include="Data\Wraper_read.h">
      <Filter>Header Files\Data</Filter>
    </ClInclude>
    <ClInclude Include="Data\Node\Node_coor_base.h">
      <Filter>Header Files\Data\Node</Filter>
    </ClInclude>
    <ClInclude Include="Data\Node\Node_coord_two_coords.h">
      <Filter>Header Files\Data\Node</Filter>
    </ClInclude>
    <ClInclude Include="Data\Node\Node_coord_factory.h">
      <Filter>Header Files\Data\Node</Filter>
    </ClInclude>
    <ClInclude Include="Data\Edge\Matrix.h">
      <Filter>Header Files\Data\Edge</Filter>
    </ClInclude>
    <ClInclude Include="Data\Edge\Edge_read_headers.h">
      <Filter>Header Files\Data\Edge</Filter>
    </ClInclude>
    <ClInclude Include="Data\Edge\lower_row.h">
      <Filter>Header Files\Data\Edge</Filter>
    </ClInclude>
    <ClInclude Include="Data\Edge\upper_row.h">
      <Filter>Header Files\Data\Edge</Filter>
    </ClInclude>
    <ClInclude Include="Data\Edge\full_matrix.h">
      <Filter>Header Files\Data\Edge</Filter>
    </ClInclude>
    <ClInclude Include="Data\Edge\lower_diag_row.h">
      <Filter>Header Files\Data\Edge</Filter>
    </ClInclude>
    <ClInclude Include="Data\Result.h">
      <Filter>Header Files\Data</Filter>
    </ClInclude>
    <ClInclude Include="cost.h">
      <Filter>Header Files</Filter>
    </ClInclude>
    <ClInclude Include="Data\Interface enum\Type.h">
      <Filter>Header Files</Filter>
    </ClInclude>
    <ClInclude Include="Data\Interface enum\Display_data_type.h">
      <Filter>Header Files\Data\Interface enum</Filter>
    </ClInclude>
    <ClInclude Include="Data\Interface enum\Edge_data_format.h">
      <Filter>Header Files\Data\Interface enum</Filter>
    </ClInclude>
    <ClInclude Include="Data\Interface enum\Edge_weight_format.h">
      <Filter>Header Files\Data\Interface enum</Filter>
    </ClInclude>
    <ClInclude Include="Data\Interface enum\Edge_weight_type.h">
      <Filter>Header Files\Data\Interface enum</Filter>
    </ClInclude>
    <ClInclude Include="Data\Interface enum\Node_coord_type.h">
      <Filter>Header Files\Data\Interface enum</Filter>
    </ClInclude>
    <ClInclude Include="Data\Display_Data.h">
      <Filter>Header Files\Data</Filter>
    </ClInclude>
    <ClInclude Include="Data\Vrp_Paths.h">
      <Filter>Header Files\Data</Filter>
    </ClInclude>
  </ItemGroup>
</Project>